
Microsoft Visual Studio Solution File, Format Version 12.00
# Visual Studio for Mac
Project("{FAE04EC0-301F-11D3-BF4B-00C04F79EFBC}") = "Assembly-CSharp", "Assembly-CSharp.csproj", "{BBE442A7-28CD-B521-9CC4-A2211D8896FC}"
EndProject
Project("{FAE04EC0-301F-11D3-BF4B-00C04F79EFBC}") = "Assembly-CSharp-firstpass", "Assembly-CSharp-firstpass.csproj", "{75883105-9718-7D52-49BE-8F73049FADDB}"
EndProject
Project("{FAE04EC0-301F-11D3-BF4B-00C04F79EFBC}") = "Assembly-CSharp-Editor", "Assembly-CSharp-Editor.csproj", "{6DD2B856-679E-D3A1-20D5-63DCA6901CA3}"
EndProject
Global
	GlobalSection(SolutionConfigurationPlatforms) = preSolution
		Debug|Any CPU = Debug|Any CPU
		Release|Any CPU = Release|Any CPU
	EndGlobalSection
	GlobalSection(ProjectConfigurationPlatforms) = postSolution
		{BBE442A7-28CD-B521-9CC4-A2211D8896FC}.Debug|Any CPU.ActiveCfg = Debug|Any CPU
		{BBE442A7-28CD-B521-9CC4-A2211D8896FC}.Debug|Any CPU.Build.0 = Debug|Any CPU
		{BBE442A7-28CD-B521-9CC4-A2211D8896FC}.Release|Any CPU.ActiveCfg = Release|Any CPU
		{BBE442A7-28CD-B521-9CC4-A2211D8896FC}.Release|Any CPU.Build.0 = Release|Any CPU
		{75883105-9718-7D52-49BE-8F73049FADDB}.Debug|Any CPU.ActiveCfg = Debug|Any CPU
		{75883105-9718-7D52-49BE-8F73049FADDB}.Debug|Any CPU.Build.0 = Debug|Any CPU
		{75883105-9718-7D52-49BE-8F73049FADDB}.Release|Any CPU.ActiveCfg = Release|Any CPU
		{75883105-9718-7D52-49BE-8F73049FADDB}.Release|Any CPU.Build.0 = Release|Any CPU
		{6DD2B856-679E-D3A1-20D5-63DCA6901CA3}.Debug|Any CPU.ActiveCfg = Debug|Any CPU
		{6DD2B856-679E-D3A1-20D5-63DCA6901CA3}.Debug|Any CPU.Build.0 = Debug|Any CPU
		{6DD2B856-679E-D3A1-20D5-63DCA6901CA3}.Release|Any CPU.ActiveCfg = Release|Any CPU
		{6DD2B856-679E-D3A1-20D5-63DCA6901CA3}.Release|Any CPU.Build.0 = Release|Any CPU
	EndGlobalSection
	GlobalSection(SolutionProperties) = preSolution
		HideSolutionNode = FALSE
	EndGlobalSection
EndGlobal
